
Microsoft Visual Studio Solution File, Format Version 11.00
# Visual Studio 2010
Project("{FAE04EC0-301F-11D3-BF4B-00C04F79EFBC}") = "NewAssembly", "NewAssembly.csproj", "{a982ce60-50a5-6e67-09dd-0173e3fb2593}"
EndProject
Project("{FAE04EC0-301F-11D3-BF4B-00C04F79EFBC}") = "Assembly-CSharp", "Assembly-CSharp.csproj", "{6319b84b-ac5a-a0ea-7913-49d40408a1c3}"
EndProject
Project("{FAE04EC0-301F-11D3-BF4B-00C04F79EFBC}") = "AA", "AA.csproj", "{7466f3e9-707f-4967-dca4-7489cfa849d3}"
EndProject
Global
	GlobalSection(SolutionConfigurationPlatforms) = preSolution
		Debug|Any CPU = Debug|Any CPU
	EndGlobalSection
	GlobalSection(ProjectConfigurationPlatforms) = postSolution
		{a982ce60-50a5-6e67-09dd-0173e3fb2593}.Debug|Any CPU.ActiveCfg = Debug|Any CPU
		{a982ce60-50a5-6e67-09dd-0173e3fb2593}.Debug|Any CPU.Build.0 = Debug|Any CPU
		{6319b84b-ac5a-a0ea-7913-49d40408a1c3}.Debug|Any CPU.ActiveCfg = Debug|Any CPU
		{6319b84b-ac5a-a0ea-7913-49d40408a1c3}.Debug|Any CPU.Build.0 = Debug|Any CPU
		{7466f3e9-707f-4967-dca4-7489cfa849d3}.Debug|Any CPU.ActiveCfg = Debug|Any CPU
		{7466f3e9-707f-4967-dca4-7489cfa849d3}.Debug|Any CPU.Build.0 = Debug|Any CPU
	EndGlobalSection
	GlobalSection(SolutionProperties) = preSolution
		HideSolutionNode = FALSE
	EndGlobalSection
EndGlobal
